// !$*UTF8*$!
{
	archiveVersion = 1;
	classes = {
	};
	objectVersion = 77;
	objects = {

/* Begin PBXBuildFile section */
		228ECFE62F883D7700CDE488 /* Assets.xcassets in Resources */ = {isa = PBXBuildFile; fileRef = 228ECFE32F883D7700CDE488 /* Assets.xcassets */; };
		228ECFE82F883D7700CDE488 /* AppDelegate.swift in Sources */ = {isa = PBXBuildFile; fileRef = 228ECFCA2F883D7700CDE488 /* AppDelegate.swift */; };
		228ECFE92F883D7700CDE488 /* LocationService.swift in Sources */ = {isa = PBXBuildFile; fileRef = 228ECFCC2F883D7700CDE488 /* LocationService.swift */; };
		228ECFEA2F883D7700CDE488 /* HTTPClient.swift in Sources */ = {isa = PBXBuildFile; fileRef = 228ECFCE2F883D7700CDE488 /* HTTPClient.swift */; };
		228ECFEB2F883D7700CDE488 /* JSONDiskCache.swift in Sources */ = {isa = PBXBuildFile; fileRef = 228ECFD02F883D7700CDE488 /* JSONDiskCache.swift */; };
		228ECFEC2F883D7700CDE488 /* DTO.swift in Sources */ = {isa = PBXBuildFile; fileRef = 228ECFD22F883D7700CDE488 /* DTO.swift */; };
		228ECFED2F883D7700CDE488 /* WeatherAPI.swift in Sources */ = {isa = PBXBuildFile; fileRef = 228ECFD32F883D7700CDE488 /* WeatherAPI.swift */; };
		228ECFEE2F883D7700CDE488 /* AppConfig.swift in Sources */ = {isa = PBXBuildFile; fileRef = 228ECFD52F883D7700CDE488 /* AppConfig.swift */; };
		228ECFEF2F883D7700CDE488 /* CurrentWeatherCell.swift in Sources */ = {isa = PBXBuildFile; fileRef = 228ECFD72F883D7700CDE488 /* CurrentWeatherCell.swift */; };
		228ECFF02F883D7700CDE488 /* DailyWeatherCell.swift in Sources */ = {isa = PBXBuildFile; fileRef = 228ECFD82F883D7700CDE488 /* DailyWeatherCell.swift */; };
		228ECFF12F883D7700CDE488 /* HourlyWeatherCell.swift in Sources */ = {isa = PBXBuildFile; fileRef = 228ECFD92F883D7700CDE488 /* HourlyWeatherCell.swift */; };
		228ECFF22F883D7700CDE488 /* ImageLoader.swift in Sources */ = {isa = PBXBuildFile; fileRef = 228ECFDB2F883D7700CDE488 /* ImageLoader.swift */; };
		228ECFF32F883D7700CDE488 /* WeatherViewController.swift in Sources */ = {isa = PBXBuildFile; fileRef = 228ECFDC2F883D7700CDE488 /* WeatherViewController.swift */; };
		228ECFF42F883D7700CDE488 /* WeatherModels.swift in Sources */ = {isa = PBXBuildFile; fileRef = 228ECFDE2F883D7700CDE488 /* WeatherModels.swift */; };
		228ECFF52F883D7700CDE488 /* WeatherRepository.swift in Sources */ = {isa = PBXBuildFile; fileRef = 228ECFDF2F883D7700CDE488 /* WeatherRepository.swift */; };
		228ECFF62F883D7700CDE488 /* WeatherViewModel.swift in Sources */ = {isa = PBXBuildFile; fileRef = 228ECFE02F883D7700CDE488 /* WeatherViewModel.swift */; };
		228ECFF72F88402400CDE488 /* Launch Screen.storyboard in Resources */ = {isa = PBXBuildFile; fileRef = 228ECFE42F883D7700CDE488 /* Launch Screen.storyboard */; };
/* End PBXBuildFile section */

/* Begin PBXFileReference section */
		228ECFCA2F883D7700CDE488 /* AppDelegate.swift */ = {isa = PBXFileReference; lastKnownFileType = sourcecode.swift; path = AppDelegate.swift; sourceTree = "<group>"; };
		228ECFCC2F883D7700CDE488 /* LocationService.swift */ = {isa = PBXFileReference; lastKnownFileType = sourcecode.swift; path = LocationService.swift; sourceTree = "<group>"; };
		228ECFCE2F883D7700CDE488 /* HTTPClient.swift */ = {isa = PBXFileReference; lastKnownFileType = sourcecode.swift; path = HTTPClient.swift; sourceTree = "<group>"; };
		228ECFD02F883D7700CDE488 /* JSONDiskCache.swift */ = {isa = PBXFileReference; lastKnownFileType = sourcecode.swift; path = JSONDiskCache.swift; sourceTree = "<group>"; };
		228ECFD22F883D7700CDE488 /* DTO.swift */ = {isa = PBXFileReference; lastKnownFileType = sourcecode.swift; path = DTO.swift; sourceTree = "<group>"; };
		228ECFD32F883D7700CDE488 /* WeatherAPI.swift */ = {isa = PBXFileReference; lastKnownFileType = sourcecode.swift; path = WeatherAPI.swift; sourceTree = "<group>"; };
		228ECFD52F883D7700CDE488 /* AppConfig.swift */ = {isa = PBXFileReference; lastKnownFileType = sourcecode.swift; path = AppConfig.swift; sourceTree = "<group>"; };
		228ECFD72F883D7700CDE488 /* CurrentWeatherCell.swift */ = {isa = PBXFileReference; lastKnownFileType = sourcecode.swift; path = CurrentWeatherCell.swift; sourceTree = "<group>"; };
		228ECFD82F883D7700CDE488 /* DailyWeatherCell.swift */ = {isa = PBXFileReference; lastKnownFileType = sourcecode.swift; path = DailyWeatherCell.swift; sourceTree = "<group>"; };
		228ECFD92F883D7700CDE488 /* HourlyWeatherCell.swift */ = {isa = PBXFileReference; lastKnownFileType = sourcecode.swift; path = HourlyWeatherCell.swift; sourceTree = "<group>"; };
		228ECFDB2F883D7700CDE488 /* ImageLoader.swift */ = {isa = PBXFileReference; lastKnownFileType = sourcecode.swift; path = ImageLoader.swift; sourceTree = "<group>"; };
		228ECFDC2F883D7700CDE488 /* WeatherViewController.swift */ = {isa = PBXFileReference; lastKnownFileType = sourcecode.swift; path = WeatherViewController.swift; sourceTree = "<group>"; };
		228ECFDE2F883D7700CDE488 /* WeatherModels.swift */ = {isa = PBXFileReference; lastKnownFileType = sourcecode.swift; path = WeatherModels.swift; sourceTree = "<group>"; };
		228ECFDF2F883D7700CDE488 /* WeatherRepository.swift */ = {isa = PBXFileReference; lastKnownFileType = sourcecode.swift; path = WeatherRepository.swift; sourceTree = "<group>"; };
		228ECFE02F883D7700CDE488 /* WeatherViewModel.swift */ = {isa = PBXFileReference; lastKnownFileType = sourcecode.swift; path = WeatherViewModel.swift; sourceTree = "<group>"; };
		228ECFE32F883D7700CDE488 /* Assets.xcassets */ = {isa = PBXFileReference; lastKnownFileType = folder.assetcatalog; path = Assets.xcassets; sourceTree = "<group>"; };
		228ECFE42F883D7700CDE488 /* Launch Screen.storyboard */ = {isa = PBXFileReference; lastKnownFileType = file.storyboard; path = "Launch Screen.storyboard"; sourceTree = "<group>"; };
		228ECFF82F8840F400CDE488 /* Info.plist */ = {isa = PBXFileReference; lastKnownFileType = text.plist.xml; path = Info.plist; sourceTree = "<group>"; };
		22E97B882F7C1A010011C5F7 /* WeatherExperience.app */ = {isa = PBXFileReference; explicitFileType = wrapper.application; includeInIndex = 0; path = WeatherExperience.app; sourceTree = BUILT_PRODUCTS_DIR; };
/* End PBXFileReference section */

/* Begin PBXFrameworksBuildPhase section */
		22E97B852F7C1A010011C5F7 /* Frameworks */ = {
			isa = PBXFrameworksBuildPhase;
			buildActionMask = 2147483647;
			files = (
			);
			runOnlyForDeploymentPostprocessing = 0;
		};
/* End PBXFrameworksBuildPhase section */

/* Begin PBXGroup section */
		228ECFCB2F883D7700CDE488 /* App */ = {
			isa = PBXGroup;
			children = (
				228ECFCA2F883D7700CDE488 /* AppDelegate.swift */,
			);
			path = App;
			sourceTree = "<group>";
		};
		228ECFCD2F883D7700CDE488 /* Location */ = {
			isa = PBXGroup;
			children = (
				228ECFCC2F883D7700CDE488 /* LocationService.swift */,
			);
			path = Location;
			sourceTree = "<group>";
		};
		228ECFCF2F883D7700CDE488 /* Networking */ = {
			isa = PBXGroup;
			children = (
				228ECFCE2F883D7700CDE488 /* HTTPClient.swift */,
			);
			path = Networking;
			sourceTree = "<group>";
		};
		228ECFD12F883D7700CDE488 /* Storage */ = {
			isa = PBXGroup;
			children = (
				228ECFD02F883D7700CDE488 /* JSONDiskCache.swift */,
			);
			path = Storage;
			sourceTree = "<group>";
		};
		228ECFD42F883D7700CDE488 /* WeatherAPI */ = {
			isa = PBXGroup;
			children = (
				228ECFD22F883D7700CDE488 /* DTO.swift */,
				228ECFD32F883D7700CDE488 /* WeatherAPI.swift */,
			);
			path = WeatherAPI;
			sourceTree = "<group>";
		};
		228ECFD62F883D7700CDE488 /* Core */ = {
			isa = PBXGroup;
			children = (
				228ECFCD2F883D7700CDE488 /* Location */,
				228ECFCF2F883D7700CDE488 /* Networking */,
				228ECFD12F883D7700CDE488 /* Storage */,
				228ECFD42F883D7700CDE488 /* WeatherAPI */,
				228ECFD52F883D7700CDE488 /* AppConfig.swift */,
			);
			path = Core;
			sourceTree = "<group>";
		};
		228ECFDA2F883D7700CDE488 /* Cells */ = {
			isa = PBXGroup;
			children = (
				228ECFD72F883D7700CDE488 /* CurrentWeatherCell.swift */,
				228ECFD82F883D7700CDE488 /* DailyWeatherCell.swift */,
				228ECFD92F883D7700CDE488 /* HourlyWeatherCell.swift */,
			);
			path = Cells;
			sourceTree = "<group>";
		};
		228ECFDD2F883D7700CDE488 /* UI */ = {
			isa = PBXGroup;
			children = (
				228ECFDA2F883D7700CDE488 /* Cells */,
				228ECFDB2F883D7700CDE488 /* ImageLoader.swift */,
				228ECFDC2F883D7700CDE488 /* WeatherViewController.swift */,
			);
			path = UI;
			sourceTree = "<group>";
		};
		228ECFE12F883D7700CDE488 /* Weather */ = {
			isa = PBXGroup;
			children = (
				228ECFDD2F883D7700CDE488 /* UI */,
				228ECFDE2F883D7700CDE488 /* WeatherModels.swift */,
				228ECFDF2F883D7700CDE488 /* WeatherRepository.swift */,
				228ECFE02F883D7700CDE488 /* WeatherViewModel.swift */,
			);
			path = Weather;
			sourceTree = "<group>";
		};
		228ECFE22F883D7700CDE488 /* Features */ = {
			isa = PBXGroup;
			children = (
				228ECFE12F883D7700CDE488 /* Weather */,
			);
			path = Features;
			sourceTree = "<group>";
		};
		228ECFE52F883D7700CDE488 /* Weather */ = {
			isa = PBXGroup;
			children = (
				228ECFCB2F883D7700CDE488 /* App */,
				228ECFD62F883D7700CDE488 /* Core */,
				228ECFE22F883D7700CDE488 /* Features */,
				228ECFE32F883D7700CDE488 /* Assets.xcassets */,
				228ECFF82F8840F400CDE488 /* Info.plist */,
				228ECFE42F883D7700CDE488 /* Launch Screen.storyboard */,
			);
			path = Weather;
			sourceTree = "<group>";
		};
		22E97B7F2F7C1A010011C5F7 = {
			isa = PBXGroup;
			children = (
				228ECFE52F883D7700CDE488 /* Weather */,
				22E97B892F7C1A010011C5F7 /* Products */,
			);
			sourceTree = "<group>";
		};
		22E97B892F7C1A010011C5F7 /* Products */ = {
			isa = PBXGroup;
			children = (
				22E97B882F7C1A010011C5F7 /* WeatherExperience.app */,
			);
			name = Products;
			sourceTree = "<group>";
		};
/* End PBXGroup section */

/* Begin PBXNativeTarget section */
		22E97B872F7C1A010011C5F7 /* Weather */ = {
			isa = PBXNativeTarget;
			buildConfigurationList = 22E97B932F7C1A030011C5F7 /* Build configuration list for PBXNativeTarget "Weather" */;
			buildPhases = (
				22E97B842F7C1A010011C5F7 /* Sources */,
				22E97B852F7C1A010011C5F7 /* Frameworks */,
				22E97B862F7C1A010011C5F7 /* Resources */,
			);
			buildRules = (
			);
			dependencies = (
			);
			name = Weather;
			packageProductDependencies = (
			);
			productName = Weather;
			productReference = 22E97B882F7C1A010011C5F7 /* WeatherExperience.app */;
			productType = "com.apple.product-type.application";
		};
/* End PBXNativeTarget section */

/* Begin PBXProject section */
		22E97B802F7C1A010011C5F7 /* Project object */ = {
			isa = PBXProject;
			attributes = {
				BuildIndependentTargetsInParallel = NO;
				LastSwiftUpdateCheck = 1640;
				LastUpgradeCheck = 1640;
				TargetAttributes = {
					22E97B872F7C1A010011C5F7 = {
						CreatedOnToolsVersion = 16.4;
					};
				};
			};
			buildConfigurationList = 22E97B832F7C1A010011C5F7 /* Build configuration list for PBXProject "Weather" */;
			developmentRegion = en;
			hasScannedForEncodings = 0;
			knownRegions = (
				en,
			);
			mainGroup = 22E97B7F2F7C1A010011C5F7;
			minimizedProjectReferenceProxies = 1;
			preferredProjectObjectVersion = 77;
			productRefGroup = 22E97B892F7C1A010011C5F7 /* Products */;
			projectDirPath = "";
			projectRoot = "";
			targets = (
				22E97B872F7C1A010011C5F7 /* Weather */,
			);
		};
/* End PBXProject section */

/* Begin PBXResourcesBuildPhase section */
		22E97B862F7C1A010011C5F7 /* Resources */ = {
			isa = PBXResourcesBuildPhase;
			buildActionMask = 2147483647;
			files = (
				228ECFF72F88402400CDE488 /* Launch Screen.storyboard in Resources */,
				228ECFE62F883D7700CDE488 /* Assets.xcassets in Resources */,
			);
			runOnlyForDeploymentPostprocessing = 0;
		};
/* End PBXResourcesBuildPhase section */

/* Begin PBXSourcesBuildPhase section */
		22E97B842F7C1A010011C5F7 /* Sources */ = {
			isa = PBXSourcesBuildPhase;
			buildActionMask = 2147483647;
			files = (
				228ECFE82F883D7700CDE488 /* AppDelegate.swift in Sources */,
				228ECFE92F883D7700CDE488 /* LocationService.swift in Sources */,
				228ECFEA2F883D7700CDE488 /* HTTPClient.swift in Sources */,
				228ECFEB2F883D7700CDE488 /* JSONDiskCache.swift in Sources */,
				228ECFEC2F883D7700CDE488 /* DTO.swift in Sources */,
				228ECFED2F883D7700CDE488 /* WeatherAPI.swift in Sources */,
				228ECFEE2F883D7700CDE488 /* AppConfig.swift in Sources */,
				228ECFEF2F883D7700CDE488 /* CurrentWeatherCell.swift in Sources */,
				228ECFF02F883D7700CDE488 /* DailyWeatherCell.swift in Sources */,
				228ECFF12F883D7700CDE488 /* HourlyWeatherCell.swift in Sources */,
				228ECFF22F883D7700CDE488 /* ImageLoader.swift in Sources */,
				228ECFF32F883D7700CDE488 /* WeatherViewController.swift in Sources */,
				228ECFF42F883D7700CDE488 /* WeatherModels.swift in Sources */,
				228ECFF52F883D7700CDE488 /* WeatherRepository.swift in Sources */,
				228ECFF62F883D7700CDE488 /* WeatherViewModel.swift in Sources */,
			);
			runOnlyForDeploymentPostprocessing = 0;
		};
/* End PBXSourcesBuildPhase section */

/* Begin XCBuildConfiguration section */
		22E97B912F7C1A030011C5F7 /* Debug */ = {
			isa = XCBuildConfiguration;
			buildSettings = {
				CLANG_ANALYZER_NONNULL = YES;
				CLANG_ANALYZER_NUMBER_OBJECT_CONVERSION = YES_AGGRESSIVE;
				CLANG_CXX_LANGUAGE_STANDARD = "gnu++20";
				CLANG_ENABLE_MODULES = YES;
				CLANG_ENABLE_OBJC_ARC = YES;
				CLANG_ENABLE_OBJC_WEAK = YES;
				CLANG_WARN_BLOCK_CAPTURE_AUTORELEASING = YES;
				CLANG_WARN_BOOL_CONVERSION = YES;
				CLANG_WARN_COMMA = YES;
				CLANG_WARN_CONSTANT_CONVERSION = YES;
				CLANG_WARN_DEPRECATED_OBJC_IMPLEMENTATIONS = YES;
				CLANG_WARN_DIRECT_OBJC_ISA_USAGE = YES_ERROR;
				CLANG_WARN_DOCUMENTATION_COMMENTS = YES;
				CLANG_WARN_EMPTY_BODY = YES;
				CLANG_WARN_ENUM_CONVERSION = YES;
				CLANG_WARN_INFINITE_RECURSION = YES;
				CLANG_WARN_INT_CONVERSION = YES;
				CLANG_WARN_NON_LITERAL_NULL_CONVERSION = YES;
				CLANG_WARN_OBJC_IMPLICIT_RETAIN_SELF = YES;
				CLANG_WARN_OBJC_LITERAL_CONVERSION = YES;
				CLANG_WARN_OBJC_ROOT_CLASS = YES_ERROR;
				CLANG_WARN_QUOTED_INCLUDE_IN_FRAMEWORK_HEADER = YES;
				CLANG_WARN_RANGE_LOOP_ANALYSIS = YES;
				CLANG_WARN_STRICT_PROTOTYPES = YES;
				CLANG_WARN_SUSPICIOUS_MOVE = YES;
				CLANG_WARN_UNGUARDED_AVAILABILITY = YES_AGGRESSIVE;
				CLANG_WARN_UNREACHABLE_CODE = YES;
				CLANG_WARN__DUPLICATE_METHOD_MATCH = YES;
				DEBUG_INFORMATION_FORMAT = dwarf;
				DEVELOPMENT_TEAM = 24A5DM3BDH;
				ENABLE_STRICT_OBJC_MSGSEND = YES;
				ENABLE_TESTABILITY = YES;
				ENABLE_USER_SCRIPT_SANDBOXING = YES;
				GCC_C_LANGUAGE_STANDARD = gnu17;
				GCC_DYNAMIC_NO_PIC = NO;
				GCC_NO_COMMON_BLOCKS = YES;
				GCC_OPTIMIZATION_LEVEL = 0;
				GCC_PREPROCESSOR_DEFINITIONS = (
					"DEBUG=1",
					"$(inherited)",
				);
				GCC_WARN_64_TO_32_BIT_CONVERSION = YES;
				GCC_WARN_ABOUT_RETURN_TYPE = YES_ERROR;
				GCC_WARN_UNDECLARED_SELECTOR = YES;
				GCC_WARN_UNINITIALIZED_AUTOS = YES_AGGRESSIVE;
				GCC_WARN_UNUSED_FUNCTION = YES;
				GCC_WARN_UNUSED_VARIABLE = YES;
				MTL_ENABLE_DEBUG_INFO = INCLUDE_SOURCE;
				MTL_FAST_MATH = YES;
				ONLY_ACTIVE_ARCH = YES;
				SDKROOT = iphoneos;
				SWIFT_ACTIVE_COMPILATION_CONDITIONS = "DEBUG $(inherited)";
				SWIFT_OPTIMIZATION_LEVEL = "-Onone";
			};
			name = Debug;
		};
		22E97B922F7C1A030011C5F7 /* Release */ = {
			isa = XCBuildConfiguration;
			buildSettings = {
				CLANG_ANALYZER_NONNULL = YES;
				CLANG_ANALYZER_NUMBER_OBJECT_CONVERSION = YES_AGGRESSIVE;
				CLANG_CXX_LANGUAGE_STANDARD = "gnu++20";
				CLANG_ENABLE_MODULES = YES;
				CLANG_ENABLE_OBJC_ARC = YES;
				CLANG_ENABLE_OBJC_WEAK = YES;
				CLANG_WARN_BLOCK_CAPTURE_AUTORELEASING = YES;
				CLANG_WARN_BOOL_CONVERSION = YES;
				CLANG_WARN_COMMA = YES;
				CLANG_WARN_CONSTANT_CONVERSION = YES;
				CLANG_WARN_DEPRECATED_OBJC_IMPLEMENTATIONS = YES;
				CLANG_WARN_DIRECT_OBJC_ISA_USAGE = YES_ERROR;
				CLANG_WARN_DOCUMENTATION_COMMENTS = YES;
				CLANG_WARN_EMPTY_BODY = YES;
				CLANG_WARN_ENUM_CONVERSION = YES;
				CLANG_WARN_INFINITE_RECURSION = YES;
				CLANG_WARN_INT_CONVERSION = YES;
				CLANG_WARN_NON_LITERAL_NULL_CONVERSION = YES;
				CLANG_WARN_OBJC_IMPLICIT_RETAIN_SELF = YES;
				CLANG_WARN_OBJC_LITERAL_CONVERSION = YES;
				CLANG_WARN_OBJC_ROOT_CLASS = YES_ERROR;
				CLANG_WARN_QUOTED_INCLUDE_IN_FRAMEWORK_HEADER = YES;
				CLANG_WARN_RANGE_LOOP_ANALYSIS = YES;
				CLANG_WARN_STRICT_PROTOTYPES = YES;
				CLANG_WARN_SUSPICIOUS_MOVE = YES;
				CLANG_WARN_UNGUARDED_AVAILABILITY = YES_AGGRESSIVE;
				CLANG_WARN_UNREACHABLE_CODE = YES;
				CLANG_WARN__DUPLICATE_METHOD_MATCH = YES;
				DEBUG_INFORMATION_FORMAT = "dwarf-with-dsym";
				DEVELOPMENT_TEAM = 24A5DM3BDH;
				ENABLE_NS_ASSERTIONS = NO;
				ENABLE_STRICT_OBJC_MSGSEND = YES;
				ENABLE_USER_SCRIPT_SANDBOXING = YES;
				GCC_C_LANGUAGE_STANDARD = gnu17;
				GCC_NO_COMMON_BLOCKS = YES;
				GCC_WARN_64_TO_32_BIT_CONVERSION = YES;
				GCC_WARN_ABOUT_RETURN_TYPE = YES_ERROR;
				GCC_WARN_UNDECLARED_SELECTOR = YES;
				GCC_WARN_UNINITIALIZED_AUTOS = YES_AGGRESSIVE;
				GCC_WARN_UNUSED_FUNCTION = YES;
				GCC_WARN_UNUSED_VARIABLE = YES;
				MTL_ENABLE_DEBUG_INFO = NO;
				MTL_FAST_MATH = YES;
				SDKROOT = iphoneos;
				SWIFT_COMPILATION_MODE = wholemodule;
				VALIDATE_PRODUCT = YES;
			};
			name = Release;
		};
		22E97B942F7C1A030011C5F7 /* Debug */ = {
			isa = XCBuildConfiguration;
			buildSettings = {
				ASSETCATALOG_COMPILER_APPICON_NAME = AppIcon;
				ASSETCATALOG_COMPILER_GLOBAL_ACCENT_COLOR_NAME = AccentColor;
				ASSETCATALOG_COMPILER_INCLUDE_ALL_APPICON_ASSETS = NO;
				CODE_SIGN_IDENTITY = "Apple Development";
				"CODE_SIGN_IDENTITY[sdk=iphoneos*]" = "iPhone Developer";
				CODE_SIGN_STYLE = Manual;
				CURRENT_PROJECT_VERSION = 1;
				DEVELOPMENT_TEAM = "";
				"DEVELOPMENT_TEAM[sdk=iphoneos*]" = 24A5DM3BDH;
				ENABLE_PREVIEWS = YES;
				INFOPLIST_FILE = Weather/Info.plist;
				IPHONEOS_DEPLOYMENT_TARGET = 18.0;
				LD_RUNPATH_SEARCH_PATHS = (
					"$(inherited)",
					"@executable_path/Frameworks",
				);
				MARKETING_VERSION = 1.0;
				PRODUCT_BUNDLE_IDENTIFIER = com.chuwachesku.WeatherExperience;
				PRODUCT_NAME = WeatherExperience;
				PROVISIONING_PROFILE_SPECIFIER = "";
				"PROVISIONING_PROFILE_SPECIFIER[sdk=iphoneos*]" = "FunkyKatze Development";
				SUPPORTED_PLATFORMS = "iphoneos iphonesimulator";
				SUPPORTS_MACCATALYST = NO;
				SUPPORTS_MAC_DESIGNED_FOR_IPHONE_IPAD = NO;
				SUPPORTS_XR_DESIGNED_FOR_IPHONE_IPAD = NO;
				SWIFT_EMIT_LOC_STRINGS = YES;
				SWIFT_VERSION = 5.0;
				TARGETED_DEVICE_FAMILY = 1;
			};
			name = Debug;
		};
		22E97B952F7C1A030011C5F7 /* Release */ = {
			isa = XCBuildConfiguration;
			buildSettings = {
				ASSETCATALOG_COMPILER_APPICON_NAME = AppIcon;
				ASSETCATALOG_COMPILER_GLOBAL_ACCENT_COLOR_NAME = AccentColor;
				ASSETCATALOG_COMPILER_INCLUDE_ALL_APPICON_ASSETS = NO;
				CODE_SIGN_IDENTITY = "Apple Development";
				"CODE_SIGN_IDENTITY[sdk=iphoneos*]" = "iPhone Distribution";
				CODE_SIGN_STYLE = Manual;
				CURRENT_PROJECT_VERSION = 1;
				DEVELOPMENT_TEAM = "";
				"DEVELOPMENT_TEAM[sdk=iphoneos*]" = 24A5DM3BDH;
				ENABLE_PREVIEWS = YES;
				INFOPLIST_FILE = Weather/Info.plist;
				IPHONEOS_DEPLOYMENT_TARGET = 18.0;
				LD_RUNPATH_SEARCH_PATHS = (
					"$(inherited)",
					"@executable_path/Frameworks",
				);
				MARKETING_VERSION = 1.0;
				PRODUCT_BUNDLE_IDENTIFIER = com.chuwachesku.WeatherExperience;
				PRODUCT_NAME = WeatherExperience;
				PROVISIONING_PROFILE_SPECIFIER = "";
				"PROVISIONING_PROFILE_SPECIFIER[sdk=iphoneos*]" = "FunkyKatze AdHoc Distribution";
				SUPPORTED_PLATFORMS = "iphoneos iphonesimulator";
				SUPPORTS_MACCATALYST = NO;
				SUPPORTS_MAC_DESIGNED_FOR_IPHONE_IPAD = NO;
				SUPPORTS_XR_DESIGNED_FOR_IPHONE_IPAD = NO;
				SWIFT_EMIT_LOC_STRINGS = YES;
				SWIFT_VERSION = 5.0;
				TARGETED_DEVICE_FAMILY = 1;
			};
			name = Release;
		};
/* End XCBuildConfiguration section */

/* Begin XCConfigurationList section */
		22E97B832F7C1A010011C5F7 /* Build configuration list for PBXProject "Weather" */ = {
			isa = XCConfigurationList;
			buildConfigurations = (
				22E97B912F7C1A030011C5F7 /* Debug */,
				22E97B922F7C1A030011C5F7 /* Release */,
			);
			defaultConfigurationIsVisible = 0;
			defaultConfigurationName = Release;
		};
		22E97B932F7C1A030011C5F7 /* Build configuration list for PBXNativeTarget "Weather" */ = {
			isa = XCConfigurationList;
			buildConfigurations = (
				22E97B942F7C1A030011C5F7 /* Debug */,
				22E97B952F7C1A030011C5F7 /* Release */,
			);
			defaultConfigurationIsVisible = 0;
			defaultConfigurationName = Release;
		};
/* End XCConfigurationList section */
	};
	rootObject = 22E97B802F7C1A010011C5F7 /* Project object */;
}
